// !$*UTF8*$!
{
	archiveVersion = 1;
	classes = {
	};
	objectVersion = 46;
	objects = {

/* Begin PBXBuildFile section */
		0E64CB060C3EC4A1060182F8 /* libPods-FMDB的使用.a in Frameworks */ = {isa = PBXBuildFile; fileRef = 0337968D9EA4EFE1DA44B55A /* libPods-FMDB的使用.a */; };
		2E275F211E5AD6960020FE6C /* DBDataBaseManager.m in Sources */ = {isa = PBXBuildFile; fileRef = 2E275F201E5AD6960020FE6C /* DBDataBaseManager.m */; };
		2E2B85C91E51ADE2004A9053 /* main.m in Sources */ = {isa = PBXBuildFile; fileRef = 2E2B85C81E51ADE2004A9053 /* main.m */; };
		2E2B85CC1E51ADE2004A9053 /* AppDelegate.m in Sources */ = {isa = PBXBuildFile; fileRef = 2E2B85CB1E51ADE2004A9053 /* AppDelegate.m */; };
		2E2B85D41E51ADE2004A9053 /* Assets.xcassets in Resources */ = {isa = PBXBuildFile; fileRef = 2E2B85D31E51ADE2004A9053 /* Assets.xcassets */; };
		2E2B85D71E51ADE2004A9053 /* LaunchScreen.storyboard in Resources */ = {isa = PBXBuildFile; fileRef = 2E2B85D51E51ADE2004A9053 /* LaunchScreen.storyboard */; };
		2E2B85E21E51ADE2004A9053 /* FMDB___Tests.m in Sources */ = {isa = PBXBuildFile; fileRef = 2E2B85E11E51ADE2004A9053 /* FMDB___Tests.m */; };
		2E2B85ED1E51ADE2004A9053 /* FMDB___UITests.m in Sources */ = {isa = PBXBuildFile; fileRef = 2E2B85EC1E51ADE2004A9053 /* FMDB___UITests.m */; };
		2EA014051E541F83002C415A /* HomePageViewController.m in Sources */ = {isa = PBXBuildFile; fileRef = 2EA014041E541F83002C415A /* HomePageViewController.m */; };
		2EA0140C1E54422E002C415A /* LZYButton.m in Sources */ = {isa = PBXBuildFile; fileRef = 2EA0140B1E54422E002C415A /* LZYButton.m */; };
		2EA014101E5443F6002C415A /* LZYLabel.m in Sources */ = {isa = PBXBuildFile; fileRef = 2EA0140F1E5443F6002C415A /* LZYLabel.m */; };
		2EA014131E544481002C415A /* LZYTextField.m in Sources */ = {isa = PBXBuildFile; fileRef = 2EA014121E544481002C415A /* LZYTextField.m */; };
		2EB7FAA21E556B8B00B16EF3 /* Preson.m in Sources */ = {isa = PBXBuildFile; fileRef = 2EB7FAA11E556B8B00B16EF3 /* Preson.m */; };
/* End PBXBuildFile section */

/* Begin PBXContainerItemProxy section */
		2E2B85DE1E51ADE2004A9053 /* PBXContainerItemProxy */ = {
			isa = PBXContainerItemProxy;
			containerPortal = 2E2B85BC1E51ADE2004A9053 /* Project object */;
			proxyType = 1;
			remoteGlobalIDString = 2E2B85C31E51ADE2004A9053;
			remoteInfo = "FMDB的使用";
		};
		2E2B85E91E51ADE2004A9053 /* PBXContainerItemProxy */ = {
			isa = PBXContainerItemProxy;
			containerPortal = 2E2B85BC1E51ADE2004A9053 /* Project object */;
			proxyType = 1;
			remoteGlobalIDString = 2E2B85C31E51ADE2004A9053;
			remoteInfo = "FMDB的使用";
		};
/* End PBXContainerItemProxy section */

/* Begin PBXFileReference section */
		0337968D9EA4EFE1DA44B55A /* libPods-FMDB的使用.a */ = {isa = PBXFileReference; explicitFileType = archive.ar; includeInIndex = 0; path = "libPods-FMDB的使用.a"; sourceTree = BUILT_PRODUCTS_DIR; };
		2E275F1F1E5AD6960020FE6C /* DBDataBaseManager.h */ = {isa = PBXFileReference; fileEncoding = 4; lastKnownFileType = sourcecode.c.h; path = DBDataBaseManager.h; sourceTree = "<group>"; };
		2E275F201E5AD6960020FE6C /* DBDataBaseManager.m */ = {isa = PBXFileReference; fileEncoding = 4; lastKnownFileType = sourcecode.c.objc; path = DBDataBaseManager.m; sourceTree = "<group>"; };
		2E2B85C41E51ADE2004A9053 /* FMDB的使用.app */ = {isa = PBXFileReference; explicitFileType = wrapper.application; includeInIndex = 0; path = "FMDB的使用.app"; sourceTree = BUILT_PRODUCTS_DIR; };
		2E2B85C81E51ADE2004A9053 /* main.m */ = {isa = PBXFileReference; lastKnownFileType = sourcecode.c.objc; path = main.m; sourceTree = "<group>"; };
		2E2B85CA1E51ADE2004A9053 /* AppDelegate.h */ = {isa = PBXFileReference; lastKnownFileType = sourcecode.c.h; path = AppDelegate.h; sourceTree = "<group>"; };
		2E2B85CB1E51ADE2004A9053 /* AppDelegate.m */ = {isa = PBXFileReference; lastKnownFileType = sourcecode.c.objc; path = AppDelegate.m; sourceTree = "<group>"; };
		2E2B85D31E51ADE2004A9053 /* Assets.xcassets */ = {isa = PBXFileReference; lastKnownFileType = folder.assetcatalog; path = Assets.xcassets; sourceTree = "<group>"; };
		2E2B85D61E51ADE2004A9053 /* Base */ = {isa = PBXFileReference; lastKnownFileType = file.storyboard; name = Base; path = Base.lproj/LaunchScreen.storyboard; sourceTree = "<group>"; };
		2E2B85D81E51ADE2004A9053 /* Info.plist */ = {isa = PBXFileReference; lastKnownFileType = text.plist.xml; path = Info.plist; sourceTree = "<group>"; };
		2E2B85DD1E51ADE2004A9053 /* FMDB的使用Tests.xctest */ = {isa = PBXFileReference; explicitFileType = wrapper.cfbundle; includeInIndex = 0; path = "FMDB的使用Tests.xctest"; sourceTree = BUILT_PRODUCTS_DIR; };
		2E2B85E11E51ADE2004A9053 /* FMDB___Tests.m */ = {isa = PBXFileReference; lastKnownFileType = sourcecode.c.objc; path = "FMDB___Tests.m"; sourceTree = "<group>"; };
		2E2B85E31E51ADE2004A9053 /* Info.plist */ = {isa = PBXFileReference; lastKnownFileType = text.plist.xml; path = Info.plist; sourceTree = "<group>"; };
		2E2B85E81E51ADE2004A9053 /* FMDB的使用UITests.xctest */ = {isa = PBXFileReference; explicitFileType = wrapper.cfbundle; includeInIndex = 0; path = "FMDB的使用UITests.xctest"; sourceTree = BUILT_PRODUCTS_DIR; };
		2E2B85EC1E51ADE2004A9053 /* FMDB___UITests.m */ = {isa = PBXFileReference; lastKnownFileType = sourcecode.c.objc; path = "FMDB___UITests.m"; sourceTree = "<group>"; };
		2E2B85EE1E51ADE2004A9053 /* Info.plist */ = {isa = PBXFileReference; lastKnownFileType = text.plist.xml; path = Info.plist; sourceTree = "<group>"; };
		2EA014031E541F83002C415A /* HomePageViewController.h */ = {isa = PBXFileReference; fileEncoding = 4; lastKnownFileType = sourcecode.c.h; path = HomePageViewController.h; sourceTree = "<group>"; };
		2EA014041E541F83002C415A /* HomePageViewController.m */ = {isa = PBXFileReference; fileEncoding = 4; lastKnownFileType = sourcecode.c.objc; path = HomePageViewController.m; sourceTree = "<group>"; };
		2EA014061E5422DB002C415A /* PrefixHeader.pch */ = {isa = PBXFileReference; lastKnownFileType = sourcecode.c.h; path = PrefixHeader.pch; sourceTree = "<group>"; };
		2EA0140A1E54422E002C415A /* LZYButton.h */ = {isa = PBXFileReference; fileEncoding = 4; lastKnownFileType = sourcecode.c.h; path = LZYButton.h; sourceTree = "<group>"; };
		2EA0140B1E54422E002C415A /* LZYButton.m */ = {isa = PBXFileReference; fileEncoding = 4; lastKnownFileType = sourcecode.c.objc; path = LZYButton.m; sourceTree = "<group>"; };
		2EA0140E1E5443F6002C415A /* LZYLabel.h */ = {isa = PBXFileReference; fileEncoding = 4; lastKnownFileType = sourcecode.c.h; path = LZYLabel.h; sourceTree = "<group>"; };
		2EA0140F1E5443F6002C415A /* LZYLabel.m */ = {isa = PBXFileReference; fileEncoding = 4; lastKnownFileType = sourcecode.c.objc; path = LZYLabel.m; sourceTree = "<group>"; };
		2EA014111E544481002C415A /* LZYTextField.h */ = {isa = PBXFileReference; fileEncoding = 4; lastKnownFileType = sourcecode.c.h; path = LZYTextField.h; sourceTree = "<group>"; };
		2EA014121E544481002C415A /* LZYTextField.m */ = {isa = PBXFileReference; fileEncoding = 4; lastKnownFileType = sourcecode.c.objc; path = LZYTextField.m; sourceTree = "<group>"; };
		2EB7FAA01E556B8B00B16EF3 /* Preson.h */ = {isa = PBXFileReference; fileEncoding = 4; lastKnownFileType = sourcecode.c.h; path = Preson.h; sourceTree = "<group>"; };
		2EB7FAA11E556B8B00B16EF3 /* Preson.m */ = {isa = PBXFileReference; fileEncoding = 4; lastKnownFileType = sourcecode.c.objc; path = Preson.m; sourceTree = "<group>"; };
		2ECEF8B62D1CD9F7AF958097 /* Pods-FMDB的使用.debug.xcconfig */ = {isa = PBXFileReference; includeInIndex = 1; lastKnownFileType = text.xcconfig; name = "Pods-FMDB的使用.debug.xcconfig"; path = "Pods/Target Support Files/Pods-FMDB的使用/Pods-FMDB的使用.debug.xcconfig"; sourceTree = "<group>"; };
		65FA240E5EC7BD64ADB42ADB /* Pods-FMDB的使用.release.xcconfig */ = {isa = PBXFileReference; includeInIndex = 1; lastKnownFileType = text.xcconfig; name = "Pods-FMDB的使用.release.xcconfig"; path = "Pods/Target Support Files/Pods-FMDB的使用/Pods-FMDB的使用.release.xcconfig"; sourceTree = "<group>"; };
/* End PBXFileReference section */

/* Begin PBXFrameworksBuildPhase section */
		2E2B85C11E51ADE2004A9053 /* Frameworks */ = {
			isa = PBXFrameworksBuildPhase;
			buildActionMask = 2147483647;
			files = (
				0E64CB060C3EC4A1060182F8 /* libPods-FMDB的使用.a in Frameworks */,
			);
			runOnlyForDeploymentPostprocessing = 0;
		};
		2E2B85DA1E51ADE2004A9053 /* Frameworks */ = {
			isa = PBXFrameworksBuildPhase;
			buildActionMask = 2147483647;
			files = (
			);
			runOnlyForDeploymentPostprocessing = 0;
		};
		2E2B85E51E51ADE2004A9053 /* Frameworks */ = {
			isa = PBXFrameworksBuildPhase;
			buildActionMask = 2147483647;
			files = (
			);
			runOnlyForDeploymentPostprocessing = 0;
		};
/* End PBXFrameworksBuildPhase section */

/* Begin PBXGroup section */
		2E275F1B1E5A8AAB0020FE6C /* Class */ = {
			isa = PBXGroup;
			children = (
				2E275F1F1E5AD6960020FE6C /* DBDataBaseManager.h */,
				2E275F201E5AD6960020FE6C /* DBDataBaseManager.m */,
			);
			name = Class;
			sourceTree = "<group>";
		};
		2E2B85BB1E51ADE2004A9053 = {
			isa = PBXGroup;
			children = (
				2E2B85C61E51ADE2004A9053 /* FMDB的使用 */,
				2E2B85E01E51ADE2004A9053 /* FMDB的使用Tests */,
				2E2B85EB1E51ADE2004A9053 /* FMDB的使用UITests */,
				2E2B85C51E51ADE2004A9053 /* Products */,
				6F2A34DB8569B6C6F5284086 /* Pods */,
				8CB061F4E5012B5BD21189E1 /* Frameworks */,
			);
			sourceTree = "<group>";
		};
		2E2B85C51E51ADE2004A9053 /* Products */ = {
			isa = PBXGroup;
			children = (
				2E2B85C41E51ADE2004A9053 /* FMDB的使用.app */,
				2E2B85DD1E51ADE2004A9053 /* FMDB的使用Tests.xctest */,
				2E2B85E81E51ADE2004A9053 /* FMDB的使用UITests.xctest */,
			);
			name = Products;
			sourceTree = "<group>";
		};
		2E2B85C61E51ADE2004A9053 /* FMDB的使用 */ = {
			isa = PBXGroup;
			children = (
				2EA0140D1E5442CA002C415A /* Other */,
				2E275F1B1E5A8AAB0020FE6C /* Class */,
				2EA014091E544205002C415A /* Model */,
				2EA014081E5441FB002C415A /* View */,
				2EA014071E5441E3002C415A /* Controller */,
				2E2B85C71E51ADE2004A9053 /* Supporting Files */,
			);
			path = "FMDB的使用";
			sourceTree = "<group>";
		};
		2E2B85C71E51ADE2004A9053 /* Supporting Files */ = {
			isa = PBXGroup;
			children = (
				2E2B85C81E51ADE2004A9053 /* main.m */,
			);
			name = "Supporting Files";
			sourceTree = "<group>";
		};
		2E2B85E01E51ADE2004A9053 /* FMDB的使用Tests */ = {
			isa = PBXGroup;
			children = (
				2E2B85E11E51ADE2004A9053 /* FMDB___Tests.m */,
				2E2B85E31E51ADE2004A9053 /* Info.plist */,
			);
			path = "FMDB的使用Tests";
			sourceTree = "<group>";
		};
		2E2B85EB1E51ADE2004A9053 /* FMDB的使用UITests */ = {
			isa = PBXGroup;
			children = (
				2E2B85EC1E51ADE2004A9053 /* FMDB___UITests.m */,
				2E2B85EE1E51ADE2004A9053 /* Info.plist */,
			);
			path = "FMDB的使用UITests";
			sourceTree = "<group>";
		};
		2EA014071E5441E3002C415A /* Controller */ = {
			isa = PBXGroup;
			children = (
				2EA014031E541F83002C415A /* HomePageViewController.h */,
				2EA014041E541F83002C415A /* HomePageViewController.m */,
			);
			name = Controller;
			sourceTree = "<group>";
		};
		2EA014081E5441FB002C415A /* View */ = {
			isa = PBXGroup;
			children = (
				2EA0140A1E54422E002C415A /* LZYButton.h */,
				2EA0140B1E54422E002C415A /* LZYButton.m */,
				2EA0140E1E5443F6002C415A /* LZYLabel.h */,
				2EA0140F1E5443F6002C415A /* LZYLabel.m */,
				2EA014111E544481002C415A /* LZYTextField.h */,
				2EA014121E544481002C415A /* LZYTextField.m */,
			);
			name = View;
			sourceTree = "<group>";
		};
		2EA014091E544205002C415A /* Model */ = {
			isa = PBXGroup;
			children = (
				2EB7FAA01E556B8B00B16EF3 /* Preson.h */,
				2EB7FAA11E556B8B00B16EF3 /* Preson.m */,
			);
			name = Model;
			sourceTree = "<group>";
		};
		2EA0140D1E5442CA002C415A /* Other */ = {
			isa = PBXGroup;
			children = (
				2E2B85CA1E51ADE2004A9053 /* AppDelegate.h */,
				2E2B85CB1E51ADE2004A9053 /* AppDelegate.m */,
				2EA014061E5422DB002C415A /* PrefixHeader.pch */,
				2E2B85D31E51ADE2004A9053 /* Assets.xcassets */,
				2E2B85D51E51ADE2004A9053 /* LaunchScreen.storyboard */,
				2E2B85D81E51ADE2004A9053 /* Info.plist */,
			);
			name = Other;
			sourceTree = "<group>";
		};
		6F2A34DB8569B6C6F5284086 /* Pods */ = {
			isa = PBXGroup;
			children = (
				2ECEF8B62D1CD9F7AF958097 /* Pods-FMDB的使用.debug.xcconfig */,
				65FA240E5EC7BD64ADB42ADB /* Pods-FMDB的使用.release.xcconfig */,
			);
			name = Pods;
			sourceTree = "<group>";
		};
		8CB061F4E5012B5BD21189E1 /* Frameworks */ = {
			isa = PBXGroup;
			children = (
				0337968D9EA4EFE1DA44B55A /* libPods-FMDB的使用.a */,
			);
			name = Frameworks;
			sourceTree = "<group>";
		};
/* End PBXGroup section */

/* Begin PBXNativeTarget section */
		2E2B85C31E51ADE2004A9053 /* FMDB的使用 */ = {
			isa = PBXNativeTarget;
			buildConfigurationList = 2E2B85F11E51ADE2004A9053 /* Build configuration list for PBXNativeTarget "FMDB的使用" */;
			buildPhases = (
				C4C1B8FF9806A29D48DCDC5F /* [CP] Check Pods Manifest.lock */,
				2E2B85C01E51ADE2004A9053 /* Sources */,
				2E2B85C11E51ADE2004A9053 /* Frameworks */,
				2E2B85C21E51ADE2004A9053 /* Resources */,
				B3406A7FED3426C4B8E5C8E3 /* [CP] Embed Pods Frameworks */,
				2AAFF1878C4A8742CA145DC9 /* [CP] Copy Pods Resources */,
			);
			buildRules = (
			);
			dependencies = (
			);
			name = "FMDB的使用";
			productName = "FMDB的使用";
			productReference = 2E2B85C41E51ADE2004A9053 /* FMDB的使用.app */;
			productType = "com.apple.product-type.application";
		};
		2E2B85DC1E51ADE2004A9053 /* FMDB的使用Tests */ = {
			isa = PBXNativeTarget;
			buildConfigurationList = 2E2B85F41E51ADE2004A9053 /* Build configuration list for PBXNativeTarget "FMDB的使用Tests" */;
			buildPhases = (
				2E2B85D91E51ADE2004A9053 /* Sources */,
				2E2B85DA1E51ADE2004A9053 /* Frameworks */,
				2E2B85DB1E51ADE2004A9053 /* Resources */,
			);
			buildRules = (
			);
			dependencies = (
				2E2B85DF1E51ADE2004A9053 /* PBXTargetDependency */,
			);
			name = "FMDB的使用Tests";
			productName = "FMDB的使用Tests";
			productReference = 2E2B85DD1E51ADE2004A9053 /* FMDB的使用Tests.xctest */;
			productType = "com.apple.product-type.bundle.unit-test";
		};
		2E2B85E71E51ADE2004A9053 /* FMDB的使用UITests */ = {
			isa = PBXNativeTarget;
			buildConfigurationList = 2E2B85F71E51ADE2004A9053 /* Build configuration list for PBXNativeTarget "FMDB的使用UITests" */;
			buildPhases = (
				2E2B85E41E51ADE2004A9053 /* Sources */,
				2E2B85E51E51ADE2004A9053 /* Frameworks */,
				2E2B85E61E51ADE2004A9053 /* Resources */,
			);
			buildRules = (
			);
			dependencies = (
				2E2B85EA1E51ADE2004A9053 /* PBXTargetDependency */,
			);
			name = "FMDB的使用UITests";
			productName = "FMDB的使用UITests";
			productReference = 2E2B85E81E51ADE2004A9053 /* FMDB的使用UITests.xctest */;
			productType = "com.apple.product-type.bundle.ui-testing";
		};
/* End PBXNativeTarget section */

/* Begin PBXProject section */
		2E2B85BC1E51ADE2004A9053 /* Project object */ = {
			isa = PBXProject;
			attributes = {
				LastUpgradeCheck = 0800;
				ORGANIZATIONNAME = View;
				TargetAttributes = {
					2E2B85C31E51ADE2004A9053 = {
						CreatedOnToolsVersion = 8.0;
						ProvisioningStyle = Automatic;
					};
					2E2B85DC1E51ADE2004A9053 = {
						CreatedOnToolsVersion = 8.0;
						ProvisioningStyle = Automatic;
						TestTargetID = 2E2B85C31E51ADE2004A9053;
					};
					2E2B85E71E51ADE2004A9053 = {
						CreatedOnToolsVersion = 8.0;
						ProvisioningStyle = Automatic;
						TestTargetID = 2E2B85C31E51ADE2004A9053;
					};
				};
			};
			buildConfigurationList = 2E2B85BF1E51ADE2004A9053 /* Build configuration list for PBXProject "FMDB的使用" */;
			compatibilityVersion = "Xcode 3.2";
			developmentRegion = English;
			hasScannedForEncodings = 0;
			knownRegions = (
				en,
				Base,
			);
			mainGroup = 2E2B85BB1E51ADE2004A9053;
			productRefGroup = 2E2B85C51E51ADE2004A9053 /* Products */;
			projectDirPath = "";
			projectRoot = "";
			targets = (
				2E2B85C31E51ADE2004A9053 /* FMDB的使用 */,
				2E2B85DC1E51ADE2004A9053 /* FMDB的使用Tests */,
				2E2B85E71E51ADE2004A9053 /* FMDB的使用UITests */,
			);
		};
/* End PBXProject section */

/* Begin PBXResourcesBuildPhase section */
		2E2B85C21E51ADE2004A9053 /* Resources */ = {
			isa = PBXResourcesBuildPhase;
			buildActionMask = 2147483647;
			files = (
				2E2B85D71E51ADE2004A9053 /* LaunchScreen.storyboard in Resources */,
				2E2B85D41E51ADE2004A9053 /* Assets.xcassets in Resources */,
			);
			runOnlyForDeploymentPostprocessing = 0;
		};
		2E2B85DB1E51ADE2004A9053 /* Resources */ = {
			isa = PBXResourcesBuildPhase;
			buildActionMask = 2147483647;
			files = (
			);
			runOnlyForDeploymentPostprocessing = 0;
		};
		2E2B85E61E51ADE2004A9053 /* Resources */ = {
			isa = PBXResourcesBuildPhase;
			buildActionMask = 2147483647;
			files = (
			);
			runOnlyForDeploymentPostprocessing = 0;
		};
/* End PBXResourcesBuildPhase section */

/* Begin PBXShellScriptBuildPhase section */
		2AAFF1878C4A8742CA145DC9 /* [CP] Copy Pods Resources */ = {
			isa = PBXShellScriptBuildPhase;
			buildActionMask = 2147483647;
			files = (
			);
			inputPaths = (
			);
			name = "[CP] Copy Pods Resources";
			outputPaths = (
			);
			runOnlyForDeploymentPostprocessing = 0;
			shellPath = /bin/sh;
			shellScript = "\"${SRCROOT}/Pods/Target Support Files/Pods-FMDB的使用/Pods-FMDB的使用-resources.sh\"\n";
			showEnvVarsInLog = 0;
		};
		B3406A7FED3426C4B8E5C8E3 /* [CP] Embed Pods Frameworks */ = {
			isa = PBXShellScriptBuildPhase;
			buildActionMask = 2147483647;
			files = (
			);
			inputPaths = (
			);
			name = "[CP] Embed Pods Frameworks";
			outputPaths = (
			);
			runOnlyForDeploymentPostprocessing = 0;
			shellPath = /bin/sh;
			shellScript = "\"${SRCROOT}/Pods/Target Support Files/Pods-FMDB的使用/Pods-FMDB的使用-frameworks.sh\"\n";
			showEnvVarsInLog = 0;
		};
		C4C1B8FF9806A29D48DCDC5F /* [CP] Check Pods Manifest.lock */ = {
			isa = PBXShellScriptBuildPhase;
			buildActionMask = 2147483647;
			files = (
			);
			inputPaths = (
			);
			name = "[CP] Check Pods Manifest.lock";
			outputPaths = (
			);
			runOnlyForDeploymentPostprocessing = 0;
			shellPath = /bin/sh;
			shellScript = "diff \"${PODS_ROOT}/../Podfile.lock\" \"${PODS_ROOT}/Manifest.lock\" > /dev/null\nif [ $? != 0 ] ; then\n    # print error to STDERR\n    echo \"error: The sandbox is not in sync with the Podfile.lock. Run 'pod install' or update your CocoaPods installation.\" >&2\n    exit 1\nfi\n";
			showEnvVarsInLog = 0;
		};
/* End PBXShellScriptBuildPhase section */

/* Begin PBXSourcesBuildPhase section */
		2E2B85C01E51ADE2004A9053 /* Sources */ = {
			isa = PBXSourcesBuildPhase;
			buildActionMask = 2147483647;
			files = (
				2EA014101E5443F6002C415A /* LZYLabel.m in Sources */,
				2EA014131E544481002C415A /* LZYTextField.m in Sources */,
				2E2B85CC1E51ADE2004A9053 /* AppDelegate.m in Sources */,
				2E275F211E5AD6960020FE6C /* DBDataBaseManager.m in Sources */,
				2EA0140C1E54422E002C415A /* LZYButton.m in Sources */,
				2E2B85C91E51ADE2004A9053 /* main.m in Sources */,
				2EA014051E541F83002C415A /* HomePageViewController.m in Sources */,
				2EB7FAA21E556B8B00B16EF3 /* Preson.m in Sources */,
			);
			runOnlyForDeploymentPostprocessing = 0;
		};
		2E2B85D91E51ADE2004A9053 /* Sources */ = {
			isa = PBXSourcesBuildPhase;
			buildActionMask = 2147483647;
			files = (
				2E2B85E21E51ADE2004A9053 /* FMDB___Tests.m in Sources */,
			);
			runOnlyForDeploymentPostprocessing = 0;
		};
		2E2B85E41E51ADE2004A9053 /* Sources */ = {
			isa = PBXSourcesBuildPhase;
			buildActionMask = 2147483647;
			files = (
				2E2B85ED1E51ADE2004A9053 /* FMDB___UITests.m in Sources */,
			);
			runOnlyForDeploymentPostprocessing = 0;
		};
/* End PBXSourcesBuildPhase section */

/* Begin PBXTargetDependency section */
		2E2B85DF1E51ADE2004A9053 /* PBXTargetDependency */ = {
			isa = PBXTargetDependency;
			target = 2E2B85C31E51ADE2004A9053 /* FMDB的使用 */;
			targetProxy = 2E2B85DE1E51ADE2004A9053 /* PBXContainerItemProxy */;
		};
		2E2B85EA1E51ADE2004A9053 /* PBXTargetDependency */ = {
			isa = PBXTargetDependency;
			target = 2E2B85C31E51ADE2004A9053 /* FMDB的使用 */;
			targetProxy = 2E2B85E91E51ADE2004A9053 /* PBXContainerItemProxy */;
		};
/* End PBXTargetDependency section */

/* Begin PBXVariantGroup section */
		2E2B85D51E51ADE2004A9053 /* LaunchScreen.storyboard */ = {
			isa = PBXVariantGroup;
			children = (
				2E2B85D61E51ADE2004A9053 /* Base */,
			);
			name = LaunchScreen.storyboard;
			sourceTree = "<group>";
		};
/* End PBXVariantGroup section */

/* Begin XCBuildConfiguration section */
		2E2B85EF1E51ADE2004A9053 /* Debug */ = {
			isa = XCBuildConfiguration;
			buildSettings = {
				ALWAYS_SEARCH_USER_PATHS = NO;
				CLANG_ANALYZER_NONNULL = YES;
				CLANG_CXX_LANGUAGE_STANDARD = "gnu++0x";
				CLANG_CXX_LIBRARY = "libc++";
				CLANG_ENABLE_MODULES = YES;
				CLANG_ENABLE_OBJC_ARC = YES;
				CLANG_WARN_BOOL_CONVERSION = YES;
				CLANG_WARN_CONSTANT_CONVERSION = YES;
				CLANG_WARN_DIRECT_OBJC_ISA_USAGE = YES_ERROR;
				CLANG_WARN_DOCUMENTATION_COMMENTS = YES;
				CLANG_WARN_EMPTY_BODY = YES;
				CLANG_WARN_ENUM_CONVERSION = YES;
				CLANG_WARN_INFINITE_RECURSION = YES;
				CLANG_WARN_INT_CONVERSION = YES;
				CLANG_WARN_OBJC_ROOT_CLASS = YES_ERROR;
				CLANG_WARN_SUSPICIOUS_MOVES = YES;
				CLANG_WARN_UNREACHABLE_CODE = YES;
				CLANG_WARN__DUPLICATE_METHOD_MATCH = YES;
				"CODE_SIGN_IDENTITY[sdk=iphoneos*]" = "iPhone Developer";
				COPY_PHASE_STRIP = NO;
				DEBUG_INFORMATION_FORMAT = dwarf;
				ENABLE_STRICT_OBJC_MSGSEND = YES;
				ENABLE_TESTABILITY = YES;
				GCC_C_LANGUAGE_STANDARD = gnu99;
				GCC_DYNAMIC_NO_PIC = NO;
				GCC_NO_COMMON_BLOCKS = YES;
				GCC_OPTIMIZATION_LEVEL = 0;
				GCC_PREPROCESSOR_DEFINITIONS = (
					"DEBUG=1",
					"$(inherited)",
				);
				GCC_WARN_64_TO_32_BIT_CONVERSION = YES;
				GCC_WARN_ABOUT_RETURN_TYPE = YES_ERROR;
				GCC_WARN_UNDECLARED_SELECTOR = YES;
				GCC_WARN_UNINITIALIZED_AUTOS = YES_AGGRESSIVE;
				GCC_WARN_UNUSED_FUNCTION = YES;
				GCC_WARN_UNUSED_VARIABLE = YES;
				IPHONEOS_DEPLOYMENT_TARGET = 10.0;
				MTL_ENABLE_DEBUG_INFO = YES;
				ONLY_ACTIVE_ARCH = YES;
				SDKROOT = iphoneos;
			};
			name = Debug;
		};
		2E2B85F01E51ADE2004A9053 /* Release */ = {
			isa = XCBuildConfiguration;
			buildSettings = {
				ALWAYS_SEARCH_USER_PATHS = NO;
				CLANG_ANALYZER_NONNULL = YES;
				CLANG_CXX_LANGUAGE_STANDARD = "gnu++0x";
				CLANG_CXX_LIBRARY = "libc++";
				CLANG_ENABLE_MODULES = YES;
				CLANG_ENABLE_OBJC_ARC = YES;
				CLANG_WARN_BOOL_CONVERSION = YES;
				CLANG_WARN_CONSTANT_CONVERSION = YES;
				CLANG_WARN_DIRECT_OBJC_ISA_USAGE = YES_ERROR;
				CLANG_WARN_DOCUMENTATION_COMMENTS = YES;
				CLANG_WARN_EMPTY_BODY = YES;
				CLANG_WARN_ENUM_CONVERSION = YES;
				CLANG_WARN_INFINITE_RECURSION = YES;
				CLANG_WARN_INT_CONVERSION = YES;
				CLANG_WARN_OBJC_ROOT_CLASS = YES_ERROR;
				CLANG_WARN_SUSPICIOUS_MOVES = YES;
				CLANG_WARN_UNREACHABLE_CODE = YES;
				CLANG_WARN__DUPLICATE_METHOD_MATCH = YES;
				"CODE_SIGN_IDENTITY[sdk=iphoneos*]" = "iPhone Developer";
				COPY_PHASE_STRIP = NO;
				DEBUG_INFORMATION_FORMAT = "dwarf-with-dsym";
				ENABLE_NS_ASSERTIONS = NO;
				ENABLE_STRICT_OBJC_MSGSEND = YES;
				GCC_C_LANGUAGE_STANDARD = gnu99;
				GCC_NO_COMMON_BLOCKS = YES;
				GCC_WARN_64_TO_32_BIT_CONVERSION = YES;
				GCC_WARN_ABOUT_RETURN_TYPE = YES_ERROR;
				GCC_WARN_UNDECLARED_SELECTOR = YES;
				GCC_WARN_UNINITIALIZED_AUTOS = YES_AGGRESSIVE;
				GCC_WARN_UNUSED_FUNCTION = YES;
				GCC_WARN_UNUSED_VARIABLE = YES;
				IPHONEOS_DEPLOYMENT_TARGET = 10.0;
				MTL_ENABLE_DEBUG_INFO = NO;
				SDKROOT = iphoneos;
				VALIDATE_PRODUCT = YES;
			};
			name = Release;
		};
		2E2B85F21E51ADE2004A9053 /* Debug */ = {
			isa = XCBuildConfiguration;
			baseConfigurationReference = 2ECEF8B62D1CD9F7AF958097 /* Pods-FMDB的使用.debug.xcconfig */;
			buildSettings = {
				ASSETCATALOG_COMPILER_APPICON_NAME = AppIcon;
				DEVELOPMENT_TEAM = "";
				GCC_INCREASE_PRECOMPILED_HEADER_SHARING = NO;
				GCC_PRECOMPILE_PREFIX_HEADER = YES;
				GCC_PREFIX_HEADER = "$(SRCROOT)/FMDB的使用/PrefixHeader.pch";
				INFOPLIST_FILE = "FMDB的使用/Info.plist";
				IPHONEOS_DEPLOYMENT_TARGET = 8.0;
				LD_RUNPATH_SEARCH_PATHS = "$(inherited) @executable_path/Frameworks";
				PRODUCT_BUNDLE_IDENTIFIER = "com.test.FMDB---";
				PRODUCT_NAME = "$(TARGET_NAME)";
			};
			name = Debug;
		};
		2E2B85F31E51ADE2004A9053 /* Release */ = {
			isa = XCBuildConfiguration;
			baseConfigurationReference = 65FA240E5EC7BD64ADB42ADB /* Pods-FMDB的使用.release.xcconfig */;
			buildSettings = {
				ASSETCATALOG_COMPILER_APPICON_NAME = AppIcon;
				DEVELOPMENT_TEAM = "";
				GCC_INCREASE_PRECOMPILED_HEADER_SHARING = NO;
				GCC_PRECOMPILE_PREFIX_HEADER = YES;
				GCC_PREFIX_HEADER = "$(SRCROOT)/FMDB的使用/PrefixHeader.pch";
				INFOPLIST_FILE = "FMDB的使用/Info.plist";
				IPHONEOS_DEPLOYMENT_TARGET = 8.0;
				LD_RUNPATH_SEARCH_PATHS = "$(inherited) @executable_path/Frameworks";
				PRODUCT_BUNDLE_IDENTIFIER = "com.test.FMDB---";
				PRODUCT_NAME = "$(TARGET_NAME)";
			};
			name = Release;
		};
		2E2B85F51E51ADE2004A9053 /* Debug */ = {
			isa = XCBuildConfiguration;
			buildSettings = {
				BUNDLE_LOADER = "$(TEST_HOST)";
				INFOPLIST_FILE = "FMDB的使用Tests/Info.plist";
				LD_RUNPATH_SEARCH_PATHS = "$(inherited) @executable_path/Frameworks @loader_path/Frameworks";
				PRODUCT_BUNDLE_IDENTIFIER = "com.test.FMDB---Tests";
				PRODUCT_NAME = "$(TARGET_NAME)";
				TEST_HOST = "$(BUILT_PRODUCTS_DIR)/FMDB的使用.app/FMDB的使用";
			};
			name = Debug;
		};
		2E2B85F61E51ADE2004A9053 /* Release */ = {
			isa = XCBuildConfiguration;
			buildSettings = {
				BUNDLE_LOADER = "$(TEST_HOST)";
				INFOPLIST_FILE = "FMDB的使用Tests/Info.plist";
				LD_RUNPATH_SEARCH_PATHS = "$(inherited) @executable_path/Frameworks @loader_path/Frameworks";
				PRODUCT_BUNDLE_IDENTIFIER = "com.test.FMDB---Tests";
				PRODUCT_NAME = "$(TARGET_NAME)";
				TEST_HOST = "$(BUILT_PRODUCTS_DIR)/FMDB的使用.app/FMDB的使用";
			};
			name = Release;
		};
		2E2B85F81E51ADE2004A9053 /* Debug */ = {
			isa = XCBuildConfiguration;
			buildSettings = {
				INFOPLIST_FILE = "FMDB的使用UITests/Info.plist";
				LD_RUNPATH_SEARCH_PATHS = "$(inherited) @executable_path/Frameworks @loader_path/Frameworks";
				PRODUCT_BUNDLE_IDENTIFIER = "com.test.FMDB---UITests";
				PRODUCT_NAME = "$(TARGET_NAME)";
				TEST_TARGET_NAME = "FMDB的使用";
			};
			name = Debug;
		};
		2E2B85F91E51ADE2004A9053 /* Release */ = {
			isa = XCBuildConfiguration;
			buildSettings = {
				INFOPLIST_FILE = "FMDB的使用UITests/Info.plist";
				LD_RUNPATH_SEARCH_PATHS = "$(inherited) @executable_path/Frameworks @loader_path/Frameworks";
				PRODUCT_BUNDLE_IDENTIFIER = "com.test.FMDB---UITests";
				PRODUCT_NAME = "$(TARGET_NAME)";
				TEST_TARGET_NAME = "FMDB的使用";
			};
			name = Release;
		};
/* End XCBuildConfiguration section */

/* Begin XCConfigurationList section */
		2E2B85BF1E51ADE2004A9053 /* Build configuration list for PBXProject "FMDB的使用" */ = {
			isa = XCConfigurationList;
			buildConfigurations = (
				2E2B85EF1E51ADE2004A9053 /* Debug */,
				2E2B85F01E51ADE2004A9053 /* Release */,
			);
			defaultConfigurationIsVisible = 0;
			defaultConfigurationName = Release;
		};
		2E2B85F11E51ADE2004A9053 /* Build configuration list for PBXNativeTarget "FMDB的使用" */ = {
			isa = XCConfigurationList;
			buildConfigurations = (
				2E2B85F21E51ADE2004A9053 /* Debug */,
				2E2B85F31E51ADE2004A9053 /* Release */,
			);
			defaultConfigurationIsVisible = 0;
			defaultConfigurationName = Release;
		};
		2E2B85F41E51ADE2004A9053 /* Build configuration list for PBXNativeTarget "FMDB的使用Tests" */ = {
			isa = XCConfigurationList;
			buildConfigurations = (
				2E2B85F51E51ADE2004A9053 /* Debug */,
				2E2B85F61E51ADE2004A9053 /* Release */,
			);
			defaultConfigurationIsVisible = 0;
			defaultConfigurationName = Release;
		};
		2E2B85F71E51ADE2004A9053 /* Build configuration list for PBXNativeTarget "FMDB的使用UITests" */ = {
			isa = XCConfigurationList;
			buildConfigurations = (
				2E2B85F81E51ADE2004A9053 /* Debug */,
				2E2B85F91E51ADE2004A9053 /* Release */,
			);
			defaultConfigurationIsVisible = 0;
			defaultConfigurationName = Release;
		};
/* End XCConfigurationList section */
	};
	rootObject = 2E2B85BC1E51ADE2004A9053 /* Project object */;
}
